
Microsoft Visual Studio Solution File, Format Version 12.00
# Visual Studio Version 16
VisualStudioVersion = 16.0.29920.165
MinimumVisualStudioVersion = 10.0.40219.1
Project("{FAE04EC0-301F-11D3-BF4B-00C04F79EFBC}") = "HaebiTrader", "HaebiTrader\HaebiTrader.csproj", "{8C17CAD8-411E-41C3-A90C-DF9682257BAA}"
EndProject
Global
	GlobalSection(SolutionConfigurationPlatforms) = preSolution
		Debug|Any CPU = Debug|Any CPU
		Release|Any CPU = Release|Any CPU
	EndGlobalSection
	GlobalSection(ProjectConfigurationPlatforms) = postSolution
		{8C17CAD8-411E-41C3-A90C-DF9682257BAA}.Debug|Any CPU.ActiveCfg = Debug|Any CPU
		{8C17CAD8-411E-41C3-A90C-DF9682257BAA}.Debug|Any CPU.Build.0 = Debug|Any CPU
		{8C17CAD8-411E-41C3-A90C-DF9682257BAA}.Release|Any CPU.ActiveCfg = Release|Any CPU
		{8C17CAD8-411E-41C3-A90C-DF9682257BAA}.Release|Any CPU.Build.0 = Release|Any CPU
	EndGlobalSection
	GlobalSection(SolutionProperties) = preSolution
		HideSolutionNode = FALSE
	EndGlobalSection
	GlobalSection(ExtensibilityGlobals) = postSolution
		SolutionGuid = {1E0EE8AD-5AB4-4A45-813C-E99D19871153}
	EndGlobalSection
EndGlobal
